
Microsoft Visual Studio Solution File, Format Version 12.00
# Visual Studio Version 17
VisualStudioVersion = 17.5.33516.290
MinimumVisualStudioVersion = 10.0.40219.1
Project("{FAE04EC0-301F-11D3-BF4B-00C04F79EFBC}") = "Win32.DwmSharedSurface", "Win32.DwmSharedSurface\Win32.DwmSharedSurface.csproj", "{CCB2134F-3495-4A0B-8197-8A0E0F4DB89E}"
EndProject
Global
	GlobalSection(SolutionConfigurationPlatforms) = preSolution
		Debug|Any CPU = Debug|Any CPU
		Release|Any CPU = Release|Any CPU
	EndGlobalSection
	GlobalSection(ProjectConfigurationPlatforms) = postSolution
		{CCB2134F-3495-4A0B-8197-8A0E0F4DB89E}.Debug|Any CPU.ActiveCfg = Debug|Any CPU
		{CCB2134F-3495-4A0B-8197-8A0E0F4DB89E}.Debug|Any CPU.Build.0 = Debug|Any CPU
		{CCB2134F-3495-4A0B-8197-8A0E0F4DB89E}.Release|Any CPU.ActiveCfg = Release|Any CPU
		{CCB2134F-3495-4A0B-8197-8A0E0F4DB89E}.Release|Any CPU.Build.0 = Release|Any CPU
	EndGlobalSection
	GlobalSection(SolutionProperties) = preSolution
		HideSolutionNode = FALSE
	EndGlobalSection
	GlobalSection(ExtensibilityGlobals) = postSolution
		SolutionGuid = {79F5232E-6319-4952-B651-3945F1873208}
	EndGlobalSection
EndGlobal
