
Microsoft Visual Studio Solution File, Format Version 12.00
# Visual Studio Version 17
VisualStudioVersion = 17.5.33516.290
MinimumVisualStudioVersion = 10.0.40219.1
Project("{FAE04EC0-301F-11D3-BF4B-00C04F79EFBC}") = "WinRT.GraphicsCapture", "WinRT.GraphicsCapture\WinRT.GraphicsCapture.csproj", "{5F07CD41-842F-479E-9384-45DF7EEFCF1D}"
EndProject
Global
	GlobalSection(SolutionConfigurationPlatforms) = preSolution
		Debug|Any CPU = Debug|Any CPU
		Release|Any CPU = Release|Any CPU
	EndGlobalSection
	GlobalSection(ProjectConfigurationPlatforms) = postSolution
		{5F07CD41-842F-479E-9384-45DF7EEFCF1D}.Debug|Any CPU.ActiveCfg = Debug|Any CPU
		{5F07CD41-842F-479E-9384-45DF7EEFCF1D}.Debug|Any CPU.Build.0 = Debug|Any CPU
		{5F07CD41-842F-479E-9384-45DF7EEFCF1D}.Release|Any CPU.ActiveCfg = Release|Any CPU
		{5F07CD41-842F-479E-9384-45DF7EEFCF1D}.Release|Any CPU.Build.0 = Release|Any CPU
	EndGlobalSection
	GlobalSection(SolutionProperties) = preSolution
		HideSolutionNode = FALSE
	EndGlobalSection
	GlobalSection(ExtensibilityGlobals) = postSolution
		SolutionGuid = {F665F7EA-E68E-4AE1-AE6E-A4DE3D2700FB}
	EndGlobalSection
EndGlobal
